github.com/ianlancetaylor/demangle v0.0.0-20220203202831-b7f99f1dbc96 h1:OOB/uHFWWV4Ek3aRFgRaVwSw5IuQw4csg4mKF6fCbN4=
github.com/ianlancetaylor/demangle v0.0.0-20220203202831-b7f99f1dbc96/go.mod h1:aYm2/VgdVmcIU8iMfdMvDMsRAQjcfZSKFby6HOFvi/w=
github.com/knightsc/gapstone v0.0.0-20211014144438-5e0e64002a6e h1:6J5obSn9umEThiYzWzndcPOZR0Qj/sVCZpH6V1G7yNE=
github.com/knightsc/gapstone v0.0.0-20211014144438-5e0e64002a6e/go.mod h1:1K5hEzsMBLTPdRJKEHqBFJ8Zt2VRqDhomcQ11KH0WW4=
golang.org/x/sys v0.2.0 h1:ljd4t30dBnAvMZaQCevtY0xLLD0A+bRZXbgLMLU1F/A=
golang.org/x/sys v0.2.0/go.mod h1:oPkhp1MJrh7nUepCBck5+mAzfO9JrbApNNgaTdGDITg=
import.name/pan v0.2.0 h1:wSKQfOXNKHhol1Hf3gyo6kmoAmFe0vp3Y0jsSpykPqQ=
import.name/pan v0.2.0/go.mod h1:jzAC3o4KYbMoLWPgtxfDXjtZxa+JikGUdbQGgaDqf7U=
