github.com/dvyukov/go-fuzz v0.0.0-20191022152526-8cb203812681 h1:3WV5aRRj1ELP3RcLlBp/v0WJTuy47OQMkL9GIQq8QEE=
github.com/dvyukov/go-fuzz v0.0.0-20191022152526-8cb203812681/go.mod h1:11Gm+ccJnvAhCNLlf5+cS9KjtbaD5I5zaZpFMsTHWTw=
github.com/knightsc/gapstone v0.0.0-20180903222833-a85919f1441b h1:xwe9zfTv52lPIpJ8vaH8UblQZcMbb5zVv3yo2ZIMM+U=
github.com/knightsc/gapstone v0.0.0-20180903222833-a85919f1441b/go.mod h1:N9Q82fxOi8Fp9pHE2eflNZf5/FSg1815WZFhV8Gc2PE=
golang.org/x/sys v0.0.0-20190911201528-7ad0cfa0b7b5 h1:SW/0nsKCUaozCUtZTakri5laocGx/5bkDSSLrFUsa5s=
golang.org/x/sys v0.0.0-20190911201528-7ad0cfa0b7b5/go.mod h1:h1NjWce9XRLGQEsW7wpKNCjG9DtNlClVuFLEZdDNbEs=
golang.org/x/xerrors v0.0.0-20190717185122-a985d3407aa7 h1:9zdDQZ7Thm29KFXgAX/+yaf3eVbP7djjWp/dXAppNCc=
golang.org/x/xerrors v0.0.0-20190717185122-a985d3407aa7/go.mod h1:I/5z698sn9Ka8TeJc9MKroUUfqBBauWjQqLJ2OPfmY0=
