gate.computer v0.0.0-20221129234541-cc689f08c267 h1:+xJBDOLajYyvWklOG3Zq4cagKWjt6Wf5FmEYwRIznXM=
gate.computer v0.0.0-20221129234541-cc689f08c267/go.mod h1:BrxLFEQY/QWNdSPq4SZi/WP8j93wiD2S97m3tZGJiYw=
github.com/coreos/go-systemd/v22 v22.5.0 h1:RrqgGjYQKalulkV8NGVIfkXQf6YYmOyiJKk8iXXhfZs=
github.com/coreos/go-systemd/v22 v22.5.0/go.mod h1:Y58oyj3AT4RCenI/lSvhwexgC+NSVTIJ3seZv2GcEnc=
github.com/godbus/dbus/v5 v5.0.4/go.mod h1:xhWf0FNVPg57R7Z0UbKHbJfkEywrmjJnf7w5xrFpKfA=
github.com/godbus/dbus/v5 v5.1.0 h1:4KLkAxT3aOY8Li4FRJe/KvhoNFFxo0m6fNuFUO8QJUk=
github.com/godbus/dbus/v5 v5.1.0/go.mod h1:xhWf0FNVPg57R7Z0UbKHbJfkEywrmjJnf7w5xrFpKfA=
github.com/google/go-cmp v0.5.9 h1:O2Tfq5qg4qc4AmwVlvv0oLiVAGB7enBSJ2x2DqQFi38=
github.com/knightsc/gapstone v0.0.0-20211014144438-5e0e64002a6e h1:6J5obSn9umEThiYzWzndcPOZR0Qj/sVCZpH6V1G7yNE=
github.com/knightsc/gapstone v0.0.0-20211014144438-5e0e64002a6e/go.mod h1:1K5hEzsMBLTPdRJKEHqBFJ8Zt2VRqDhomcQ11KH0WW4=
golang.org/x/sys v0.2.0 h1:ljd4t30dBnAvMZaQCevtY0xLLD0A+bRZXbgLMLU1F/A=
golang.org/x/sys v0.2.0/go.mod h1:oPkhp1MJrh7nUepCBck5+mAzfO9JrbApNNgaTdGDITg=
google.golang.org/protobuf v1.33.0 h1:uNO2rsAINq/JlFpSdYEKIZ0uKD/R9cpdv0T+yoGwGmI=
google.golang.org/protobuf v1.33.0/go.mod h1:c6P6GXX6sHbq/GpV6MGZEdwhWPcYBgnhAHhKbcUYpos=
import.name/lock v0.0.0-20211205191324-f24933776f0b h1:BGZe3RGI6lRASOz5fdX9i00k9f5BXdWMG4DG7qohCAY=
import.name/lock v0.0.0-20211205191324-f24933776f0b/go.mod h1:A/P+1darHq1WWQZaqhNcXx0mdLynmjtDPIu6g0ZxuX8=
import.name/pan v0.2.0 h1:wSKQfOXNKHhol1Hf3gyo6kmoAmFe0vp3Y0jsSpykPqQ=
import.name/pan v0.2.0/go.mod h1:jzAC3o4KYbMoLWPgtxfDXjtZxa+JikGUdbQGgaDqf7U=
kernel.org/pub/linux/libs/security/libcap/cap v1.2.66 h1:3P0DgIuplTGQ4dQdbBSVN0bALFZ4KtE1PndMh1SyEIM=
kernel.org/pub/linux/libs/security/libcap/cap v1.2.66/go.mod h1:uBDKZw0kXu6ULhetpF19Z7izd74o3u0nO2dXIPQGmb0=
kernel.org/pub/linux/libs/security/libcap/psx v1.2.66 h1:ikIhPzfkSSAEwBOU+2DWhoF+xnGUhvlMTfQjBVhvzQY=
kernel.org/pub/linux/libs/security/libcap/psx v1.2.66/go.mod h1:+l6Ee2F59XiJ2I6WR5ObpC1utCQJZ/VLsEbQCD8RG24=
